
Microsoft Visual Studio Solution File, Format Version 12.00
# Visual Studio 2012
Project("{FAE04EC0-301F-11D3-BF4B-00C04F79EFBC}") = "PODataExporter", "PODataExporter\PODataExporter.csproj", "{9F015DB1-2E1E-4803-9A39-23462AE287F4}"
EndProject
Project("{FAE04EC0-301F-11D3-BF4B-00C04F79EFBC}") = "GPS.Core", "..\GPS.Core\GPS.Core\GPS.Core.csproj", "{CBFCA838-A4D0-41F0-9258-F6DCDCA31DFA}"
EndProject
Project("{FAE04EC0-301F-11D3-BF4B-00C04F79EFBC}") = "GPS.Core.WindowsService", "..\GPS.Core\GPS.Core.WindowsService\GPS.Core.WindowsService.csproj", "{86842F00-5498-48FD-9F79-67FAAB285AD0}"
EndProject
Project("{FAE04EC0-301F-11D3-BF4B-00C04F79EFBC}") = "GRDataExporter", "GRDataExporter\GRDataExporter.csproj", "{0AAC09E6-E2E6-4927-A782-04DBE03E6E73}"
EndProject
Project("{FAE04EC0-301F-11D3-BF4B-00C04F79EFBC}") = "SAPDataImporter", "SAPDataImporter\SAPDataImporter.csproj", "{21FE498A-BAD9-4105-8842-71F6F4E9D786}"
EndProject
Project("{FAE04EC0-301F-11D3-BF4B-00C04F79EFBC}") = "SADataExporter", "SADataExporter\SADataExporter.csproj", "{5262882E-A7D8-42B9-AF0A-BEDAC56F4CFE}"
EndProject
Project("{FAE04EC0-301F-11D3-BF4B-00C04F79EFBC}") = "POSAPDataImporter", "POSAPDataImporter\POSAPDataImporter.csproj", "{3BABC1EC-4EA3-46A9-9737-9072042D588E}"
EndProject
Project("{FAE04EC0-301F-11D3-BF4B-00C04F79EFBC}") = "BudgetDataImporter", "BudgetDataImporter\BudgetDataImporter.csproj", "{874AAC1C-C142-4D8C-B1AC-0CA12E0DF750}"
EndProject
Global
	GlobalSection(SolutionConfigurationPlatforms) = preSolution
		Debug|Any CPU = Debug|Any CPU
		Debug|Mixed Platforms = Debug|Mixed Platforms
		Debug|x86 = Debug|x86
		Release|Any CPU = Release|Any CPU
		Release|Mixed Platforms = Release|Mixed Platforms
		Release|x86 = Release|x86
	EndGlobalSection
	GlobalSection(ProjectConfigurationPlatforms) = postSolution
		{9F015DB1-2E1E-4803-9A39-23462AE287F4}.Debug|Any CPU.ActiveCfg = Debug|Any CPU
		{9F015DB1-2E1E-4803-9A39-23462AE287F4}.Debug|Any CPU.Build.0 = Debug|Any CPU
		{9F015DB1-2E1E-4803-9A39-23462AE287F4}.Debug|Mixed Platforms.ActiveCfg = Debug|Any CPU
		{9F015DB1-2E1E-4803-9A39-23462AE287F4}.Debug|Mixed Platforms.Build.0 = Debug|Any CPU
		{9F015DB1-2E1E-4803-9A39-23462AE287F4}.Debug|x86.ActiveCfg = Debug|Any CPU
		{9F015DB1-2E1E-4803-9A39-23462AE287F4}.Release|Any CPU.ActiveCfg = Release|Any CPU
		{9F015DB1-2E1E-4803-9A39-23462AE287F4}.Release|Any CPU.Build.0 = Release|Any CPU
		{9F015DB1-2E1E-4803-9A39-23462AE287F4}.Release|Mixed Platforms.ActiveCfg = Release|Any CPU
		{9F015DB1-2E1E-4803-9A39-23462AE287F4}.Release|Mixed Platforms.Build.0 = Release|Any CPU
		{9F015DB1-2E1E-4803-9A39-23462AE287F4}.Release|x86.ActiveCfg = Release|x86
		{9F015DB1-2E1E-4803-9A39-23462AE287F4}.Release|x86.Build.0 = Release|x86
		{CBFCA838-A4D0-41F0-9258-F6DCDCA31DFA}.Debug|Any CPU.ActiveCfg = Debug|Any CPU
		{CBFCA838-A4D0-41F0-9258-F6DCDCA31DFA}.Debug|Any CPU.Build.0 = Debug|Any CPU
		{CBFCA838-A4D0-41F0-9258-F6DCDCA31DFA}.Debug|Mixed Platforms.ActiveCfg = Debug|Any CPU
		{CBFCA838-A4D0-41F0-9258-F6DCDCA31DFA}.Debug|Mixed Platforms.Build.0 = Debug|Any CPU
		{CBFCA838-A4D0-41F0-9258-F6DCDCA31DFA}.Debug|x86.ActiveCfg = Debug|Any CPU
		{CBFCA838-A4D0-41F0-9258-F6DCDCA31DFA}.Release|Any CPU.ActiveCfg = Release|Any CPU
		{CBFCA838-A4D0-41F0-9258-F6DCDCA31DFA}.Release|Any CPU.Build.0 = Release|Any CPU
		{CBFCA838-A4D0-41F0-9258-F6DCDCA31DFA}.Release|Mixed Platforms.ActiveCfg = Release|Any CPU
		{CBFCA838-A4D0-41F0-9258-F6DCDCA31DFA}.Release|Mixed Platforms.Build.0 = Release|Any CPU
		{CBFCA838-A4D0-41F0-9258-F6DCDCA31DFA}.Release|x86.ActiveCfg = Release|x86
		{CBFCA838-A4D0-41F0-9258-F6DCDCA31DFA}.Release|x86.Build.0 = Release|x86
		{86842F00-5498-48FD-9F79-67FAAB285AD0}.Debug|Any CPU.ActiveCfg = Debug|Any CPU
		{86842F00-5498-48FD-9F79-67FAAB285AD0}.Debug|Any CPU.Build.0 = Debug|Any CPU
		{86842F00-5498-48FD-9F79-67FAAB285AD0}.Debug|Mixed Platforms.ActiveCfg = Debug|Any CPU
		{86842F00-5498-48FD-9F79-67FAAB285AD0}.Debug|Mixed Platforms.Build.0 = Debug|Any CPU
		{86842F00-5498-48FD-9F79-67FAAB285AD0}.Debug|x86.ActiveCfg = Debug|Any CPU
		{86842F00-5498-48FD-9F79-67FAAB285AD0}.Release|Any CPU.ActiveCfg = Release|Any CPU
		{86842F00-5498-48FD-9F79-67FAAB285AD0}.Release|Any CPU.Build.0 = Release|Any CPU
		{86842F00-5498-48FD-9F79-67FAAB285AD0}.Release|Mixed Platforms.ActiveCfg = Release|Any CPU
		{86842F00-5498-48FD-9F79-67FAAB285AD0}.Release|Mixed Platforms.Build.0 = Release|Any CPU
		{86842F00-5498-48FD-9F79-67FAAB285AD0}.Release|x86.ActiveCfg = Release|x86
		{86842F00-5498-48FD-9F79-67FAAB285AD0}.Release|x86.Build.0 = Release|x86
		{0AAC09E6-E2E6-4927-A782-04DBE03E6E73}.Debug|Any CPU.ActiveCfg = Debug|Any CPU
		{0AAC09E6-E2E6-4927-A782-04DBE03E6E73}.Debug|Any CPU.Build.0 = Debug|Any CPU
		{0AAC09E6-E2E6-4927-A782-04DBE03E6E73}.Debug|Mixed Platforms.ActiveCfg = Debug|x86
		{0AAC09E6-E2E6-4927-A782-04DBE03E6E73}.Debug|Mixed Platforms.Build.0 = Debug|x86
		{0AAC09E6-E2E6-4927-A782-04DBE03E6E73}.Debug|x86.ActiveCfg = Debug|x86
		{0AAC09E6-E2E6-4927-A782-04DBE03E6E73}.Debug|x86.Build.0 = Debug|x86
		{0AAC09E6-E2E6-4927-A782-04DBE03E6E73}.Release|Any CPU.ActiveCfg = Release|Any CPU
		{0AAC09E6-E2E6-4927-A782-04DBE03E6E73}.Release|Any CPU.Build.0 = Release|Any CPU
		{0AAC09E6-E2E6-4927-A782-04DBE03E6E73}.Release|Mixed Platforms.ActiveCfg = Release|Any CPU
		{0AAC09E6-E2E6-4927-A782-04DBE03E6E73}.Release|Mixed Platforms.Build.0 = Release|Any CPU
		{0AAC09E6-E2E6-4927-A782-04DBE03E6E73}.Release|x86.ActiveCfg = Release|x86
		{0AAC09E6-E2E6-4927-A782-04DBE03E6E73}.Release|x86.Build.0 = Release|x86
		{21FE498A-BAD9-4105-8842-71F6F4E9D786}.Debug|Any CPU.ActiveCfg = Debug|Any CPU
		{21FE498A-BAD9-4105-8842-71F6F4E9D786}.Debug|Any CPU.Build.0 = Debug|Any CPU
		{21FE498A-BAD9-4105-8842-71F6F4E9D786}.Debug|Mixed Platforms.ActiveCfg = Debug|Any CPU
		{21FE498A-BAD9-4105-8842-71F6F4E9D786}.Debug|Mixed Platforms.Build.0 = Debug|Any CPU
		{21FE498A-BAD9-4105-8842-71F6F4E9D786}.Debug|x86.ActiveCfg = Debug|Any CPU
		{21FE498A-BAD9-4105-8842-71F6F4E9D786}.Release|Any CPU.ActiveCfg = Release|Any CPU
		{21FE498A-BAD9-4105-8842-71F6F4E9D786}.Release|Any CPU.Build.0 = Release|Any CPU
		{21FE498A-BAD9-4105-8842-71F6F4E9D786}.Release|Mixed Platforms.ActiveCfg = Release|Any CPU
		{21FE498A-BAD9-4105-8842-71F6F4E9D786}.Release|Mixed Platforms.Build.0 = Release|Any CPU
		{21FE498A-BAD9-4105-8842-71F6F4E9D786}.Release|x86.ActiveCfg = Release|x86
		{21FE498A-BAD9-4105-8842-71F6F4E9D786}.Release|x86.Build.0 = Release|x86
		{5262882E-A7D8-42B9-AF0A-BEDAC56F4CFE}.Debug|Any CPU.ActiveCfg = Debug|Any CPU
		{5262882E-A7D8-42B9-AF0A-BEDAC56F4CFE}.Debug|Any CPU.Build.0 = Debug|Any CPU
		{5262882E-A7D8-42B9-AF0A-BEDAC56F4CFE}.Debug|Mixed Platforms.ActiveCfg = Debug|x86
		{5262882E-A7D8-42B9-AF0A-BEDAC56F4CFE}.Debug|Mixed Platforms.Build.0 = Debug|x86
		{5262882E-A7D8-42B9-AF0A-BEDAC56F4CFE}.Debug|x86.ActiveCfg = Debug|x86
		{5262882E-A7D8-42B9-AF0A-BEDAC56F4CFE}.Debug|x86.Build.0 = Debug|x86
		{5262882E-A7D8-42B9-AF0A-BEDAC56F4CFE}.Release|Any CPU.ActiveCfg = Release|Any CPU
		{5262882E-A7D8-42B9-AF0A-BEDAC56F4CFE}.Release|Any CPU.Build.0 = Release|Any CPU
		{5262882E-A7D8-42B9-AF0A-BEDAC56F4CFE}.Release|Mixed Platforms.ActiveCfg = Release|Any CPU
		{5262882E-A7D8-42B9-AF0A-BEDAC56F4CFE}.Release|Mixed Platforms.Build.0 = Release|Any CPU
		{5262882E-A7D8-42B9-AF0A-BEDAC56F4CFE}.Release|x86.ActiveCfg = Release|x86
		{5262882E-A7D8-42B9-AF0A-BEDAC56F4CFE}.Release|x86.Build.0 = Release|x86
		{3BABC1EC-4EA3-46A9-9737-9072042D588E}.Debug|Any CPU.ActiveCfg = Debug|Any CPU
		{3BABC1EC-4EA3-46A9-9737-9072042D588E}.Debug|Any CPU.Build.0 = Debug|Any CPU
		{3BABC1EC-4EA3-46A9-9737-9072042D588E}.Debug|Mixed Platforms.ActiveCfg = Debug|Any CPU
		{3BABC1EC-4EA3-46A9-9737-9072042D588E}.Debug|Mixed Platforms.Build.0 = Debug|Any CPU
		{3BABC1EC-4EA3-46A9-9737-9072042D588E}.Debug|x86.ActiveCfg = Debug|Any CPU
		{3BABC1EC-4EA3-46A9-9737-9072042D588E}.Release|Any CPU.ActiveCfg = Release|Any CPU
		{3BABC1EC-4EA3-46A9-9737-9072042D588E}.Release|Any CPU.Build.0 = Release|Any CPU
		{3BABC1EC-4EA3-46A9-9737-9072042D588E}.Release|Mixed Platforms.ActiveCfg = Release|Any CPU
		{3BABC1EC-4EA3-46A9-9737-9072042D588E}.Release|Mixed Platforms.Build.0 = Release|Any CPU
		{3BABC1EC-4EA3-46A9-9737-9072042D588E}.Release|x86.ActiveCfg = Release|x86
		{3BABC1EC-4EA3-46A9-9737-9072042D588E}.Release|x86.Build.0 = Release|x86
		{874AAC1C-C142-4D8C-B1AC-0CA12E0DF750}.Debug|Any CPU.ActiveCfg = Debug|Any CPU
		{874AAC1C-C142-4D8C-B1AC-0CA12E0DF750}.Debug|Any CPU.Build.0 = Debug|Any CPU
		{874AAC1C-C142-4D8C-B1AC-0CA12E0DF750}.Debug|Mixed Platforms.ActiveCfg = Debug|Any CPU
		{874AAC1C-C142-4D8C-B1AC-0CA12E0DF750}.Debug|Mixed Platforms.Build.0 = Debug|Any CPU
		{874AAC1C-C142-4D8C-B1AC-0CA12E0DF750}.Debug|x86.ActiveCfg = Debug|Any CPU
		{874AAC1C-C142-4D8C-B1AC-0CA12E0DF750}.Release|Any CPU.ActiveCfg = Release|Any CPU
		{874AAC1C-C142-4D8C-B1AC-0CA12E0DF750}.Release|Any CPU.Build.0 = Release|Any CPU
		{874AAC1C-C142-4D8C-B1AC-0CA12E0DF750}.Release|Mixed Platforms.ActiveCfg = Release|Any CPU
		{874AAC1C-C142-4D8C-B1AC-0CA12E0DF750}.Release|Mixed Platforms.Build.0 = Release|Any CPU
		{874AAC1C-C142-4D8C-B1AC-0CA12E0DF750}.Release|x86.ActiveCfg = Release|Any CPU
	EndGlobalSection
	GlobalSection(SolutionProperties) = preSolution
		HideSolutionNode = FALSE
	EndGlobalSection
EndGlobal
