
Microsoft Visual Studio Solution File, Format Version 12.00
# Visual Studio Version 16
VisualStudioVersion = 16.0.31729.503
MinimumVisualStudioVersion = 10.0.40219.1
Project("{FAE04EC0-301F-11D3-BF4B-00C04F79EFBC}") = "NETFrameworkDummyWS", "NETFrameworkDummyWS\NETFrameworkDummyWS.csproj", "{62D5C17C-0C27-45AD-AED7-D3037D29D591}"
EndProject
Global
	GlobalSection(SolutionConfigurationPlatforms) = preSolution
		Debug|Any CPU = Debug|Any CPU
		Release|Any CPU = Release|Any CPU
	EndGlobalSection
	GlobalSection(ProjectConfigurationPlatforms) = postSolution
		{62D5C17C-0C27-45AD-AED7-D3037D29D591}.Debug|Any CPU.ActiveCfg = Debug|Any CPU
		{62D5C17C-0C27-45AD-AED7-D3037D29D591}.Debug|Any CPU.Build.0 = Debug|Any CPU
		{62D5C17C-0C27-45AD-AED7-D3037D29D591}.Release|Any CPU.ActiveCfg = Release|Any CPU
		{62D5C17C-0C27-45AD-AED7-D3037D29D591}.Release|Any CPU.Build.0 = Release|Any CPU
	EndGlobalSection
	GlobalSection(SolutionProperties) = preSolution
		HideSolutionNode = FALSE
	EndGlobalSection
	GlobalSection(ExtensibilityGlobals) = postSolution
		SolutionGuid = {89066C3A-6B40-4AEE-99BB-849599EC0178}
	EndGlobalSection
EndGlobal
