
Microsoft Visual Studio Solution File, Format Version 11.00
# Visual Studio 2010
Project("{FAE04EC0-301F-11D3-BF4B-00C04F79EFBC}") = "GPS.Core", "GPS.Core\GPS.Core.csproj", "{CBFCA838-A4D0-41F0-9258-F6DCDCA31DFA}"
EndProject
Project("{FAE04EC0-301F-11D3-BF4B-00C04F79EFBC}") = "GPS.Core.WindowsService", "GPS.Core.WindowsService\GPS.Core.WindowsService.csproj", "{86842F00-5498-48FD-9F79-67FAAB285AD0}"
EndProject
Global
	GlobalSection(SolutionConfigurationPlatforms) = preSolution
		Debug|Any CPU = Debug|Any CPU
		Release|Any CPU = Release|Any CPU
	EndGlobalSection
	GlobalSection(ProjectConfigurationPlatforms) = postSolution
		{CBFCA838-A4D0-41F0-9258-F6DCDCA31DFA}.Debug|Any CPU.ActiveCfg = Debug|Any CPU
		{CBFCA838-A4D0-41F0-9258-F6DCDCA31DFA}.Debug|Any CPU.Build.0 = Debug|Any CPU
		{CBFCA838-A4D0-41F0-9258-F6DCDCA31DFA}.Release|Any CPU.ActiveCfg = Release|Any CPU
		{CBFCA838-A4D0-41F0-9258-F6DCDCA31DFA}.Release|Any CPU.Build.0 = Release|Any CPU
		{86842F00-5498-48FD-9F79-67FAAB285AD0}.Debug|Any CPU.ActiveCfg = Debug|Any CPU
		{86842F00-5498-48FD-9F79-67FAAB285AD0}.Debug|Any CPU.Build.0 = Debug|Any CPU
		{86842F00-5498-48FD-9F79-67FAAB285AD0}.Release|Any CPU.ActiveCfg = Release|Any CPU
		{86842F00-5498-48FD-9F79-67FAAB285AD0}.Release|Any CPU.Build.0 = Release|Any CPU
	EndGlobalSection
	GlobalSection(SolutionProperties) = preSolution
		HideSolutionNode = FALSE
	EndGlobalSection
EndGlobal
